
Microsoft Visual Studio Solution File, Format Version 12.00
# Visual Studio Version 17
VisualStudioVersion = 17.0.31903.59
MinimumVisualStudioVersion = 10.0.40219.1
Project("{2150E333-8FDC-42A3-9474-1A3956D46DE8}") = "backend", "backend", "{5BF3502C-5543-4455-BF26-B02016EEA216}"
EndProject
Project("{FAE04EC0-301F-11D3-BF4B-00C04F79EFBC}") = "HangPoint.API", "backend\HangPoint.API\HangPoint.API.csproj", "{C6033C44-99F8-4B96-B0D5-E8EFE484992C}"
EndProject
Project("{FAE04EC0-301F-11D3-BF4B-00C04F79EFBC}") = "HangPoint.Tests", "backend\HangPoint.Tests\HangPoint.Tests.csproj", "{8648C732-B523-4727-B685-6E43422A19C6}"
EndProject
Global
	GlobalSection(SolutionConfigurationPlatforms) = preSolution
		Debug|Any CPU = Debug|Any CPU
		Release|Any CPU = Release|Any CPU
	EndGlobalSection
	GlobalSection(SolutionProperties) = preSolution
		HideSolutionNode = FALSE
	EndGlobalSection
	GlobalSection(ProjectConfigurationPlatforms) = postSolution
		{C6033C44-99F8-4B96-B0D5-E8EFE484992C}.Debug|Any CPU.ActiveCfg = Debug|Any CPU
		{C6033C44-99F8-4B96-B0D5-E8EFE484992C}.Debug|Any CPU.Build.0 = Debug|Any CPU
		{C6033C44-99F8-4B96-B0D5-E8EFE484992C}.Release|Any CPU.ActiveCfg = Release|Any CPU
		{C6033C44-99F8-4B96-B0D5-E8EFE484992C}.Release|Any CPU.Build.0 = Release|Any CPU
		{8648C732-B523-4727-B685-6E43422A19C6}.Debug|Any CPU.ActiveCfg = Debug|Any CPU
		{8648C732-B523-4727-B685-6E43422A19C6}.Debug|Any CPU.Build.0 = Debug|Any CPU
		{8648C732-B523-4727-B685-6E43422A19C6}.Release|Any CPU.ActiveCfg = Release|Any CPU
		{8648C732-B523-4727-B685-6E43422A19C6}.Release|Any CPU.Build.0 = Release|Any CPU
	EndGlobalSection
	GlobalSection(NestedProjects) = preSolution
		{C6033C44-99F8-4B96-B0D5-E8EFE484992C} = {5BF3502C-5543-4455-BF26-B02016EEA216}
		{8648C732-B523-4727-B685-6E43422A19C6} = {5BF3502C-5543-4455-BF26-B02016EEA216}
	EndGlobalSection
EndGlobal
